// !$*UTF8*$!
{
	archiveVersion = 1;
	classes = {
	};
	objectVersion = 77;
	objects = {

/* Begin PBXBuildFile section */
		C3BBA9FF2DEFE3A500E55F70 /* .gitignore in Resources */ = {isa = PBXBuildFile; fileRef = C3BBA9FE2DEFE3A500E55F70 /* .gitignore */; };
/* End PBXBuildFile section */

/* Begin PBXContainerItemProxy section */
		C3BBA9A52DEFE2D800E55F70 /* PBXContainerItemProxy */ = {
			isa = PBXContainerItemProxy;
			containerPortal = C3BBA98D2DEFE2D600E55F70 /* Project object */;
			proxyType = 1;
			remoteGlobalIDString = C3BBA9942DEFE2D600E55F70;
			remoteInfo = AircraftQuestion;
		};
		C3BBA9AF2DEFE2D800E55F70 /* PBXContainerItemProxy */ = {
			isa = PBXContainerItemProxy;
			containerPortal = C3BBA98D2DEFE2D600E55F70 /* Project object */;
			proxyType = 1;
			remoteGlobalIDString = C3BBA9942DEFE2D600E55F70;
			remoteInfo = AircraftQuestion;
		};
/* End PBXContainerItemProxy section */

/* Begin PBXFileReference section */
		C3BBA9952DEFE2D600E55F70 /* AircraftQuestion.app */ = {isa = PBXFileReference; explicitFileType = wrapper.application; includeInIndex = 0; path = AircraftQuestion.app; sourceTree = BUILT_PRODUCTS_DIR; };
		C3BBA9A42DEFE2D800E55F70 /* AircraftQuestionTests.xctest */ = {isa = PBXFileReference; explicitFileType = wrapper.cfbundle; includeInIndex = 0; path = AircraftQuestionTests.xctest; sourceTree = BUILT_PRODUCTS_DIR; };
		C3BBA9AE2DEFE2D800E55F70 /* AircraftQuestionUITests.xctest */ = {isa = PBXFileReference; explicitFileType = wrapper.cfbundle; includeInIndex = 0; path = AircraftQuestionUITests.xctest; sourceTree = BUILT_PRODUCTS_DIR; };
		C3BBA9FE2DEFE3A500E55F70 /* .gitignore */ = {isa = PBXFileReference; lastKnownFileType = text; path = .gitignore; sourceTree = "<group>"; };
/* End PBXFileReference section */

/* Begin PBXFileSystemSynchronizedRootGroup section */
		C3BBA9972DEFE2D600E55F70 /* AircraftQuestion */ = {
			isa = PBXFileSystemSynchronizedRootGroup;
			path = AircraftQuestion;
			sourceTree = "<group>";
		};
		C3BBA9A72DEFE2D800E55F70 /* AircraftQuestionTests */ = {
			isa = PBXFileSystemSynchronizedRootGroup;
			path = AircraftQuestionTests;
			sourceTree = "<group>";
		};
		C3BBA9B12DEFE2D800E55F70 /* AircraftQuestionUITests */ = {
			isa = PBXFileSystemSynchronizedRootGroup;
			path = AircraftQuestionUITests;
			sourceTree = "<group>";
		};
/* End PBXFileSystemSynchronizedRootGroup section */

/* Begin PBXFrameworksBuildPhase section */
		C3BBA9922DEFE2D600E55F70 /* Frameworks */ = {
			isa = PBXFrameworksBuildPhase;
			buildActionMask = 2147483647;
			files = (
			);
			runOnlyForDeploymentPostprocessing = 0;
		};
		C3BBA9A12DEFE2D800E55F70 /* Frameworks */ = {
			isa = PBXFrameworksBuildPhase;
			buildActionMask = 2147483647;
			files = (
			);
			runOnlyForDeploymentPostprocessing = 0;
		};
		C3BBA9AB2DEFE2D800E55F70 /* Frameworks */ = {
			isa = PBXFrameworksBuildPhase;
			buildActionMask = 2147483647;
			files = (
			);
			runOnlyForDeploymentPostprocessing = 0;
		};
/* End PBXFrameworksBuildPhase section */

/* Begin PBXGroup section */
		C3BBA98C2DEFE2D600E55F70 = {
			isa = PBXGroup;
			children = (
				C3BBA9972DEFE2D600E55F70 /* AircraftQuestion */,
				C3BBA9A72DEFE2D800E55F70 /* AircraftQuestionTests */,
				C3BBA9B12DEFE2D800E55F70 /* AircraftQuestionUITests */,
				C3BBA9962DEFE2D600E55F70 /* Products */,
				C3BBA9FE2DEFE3A500E55F70 /* .gitignore */,
			);
			sourceTree = "<group>";
		};
		C3BBA9962DEFE2D600E55F70 /* Products */ = {
			isa = PBXGroup;
			children = (
				C3BBA9952DEFE2D600E55F70 /* AircraftQuestion.app */,
				C3BBA9A42DEFE2D800E55F70 /* AircraftQuestionTests.xctest */,
				C3BBA9AE2DEFE2D800E55F70 /* AircraftQuestionUITests.xctest */,
			);
			name = Products;
			sourceTree = "<group>";
		};
/* End PBXGroup section */

/* Begin PBXNativeTarget section */
		C3BBA9942DEFE2D600E55F70 /* AircraftQuestion */ = {
			isa = PBXNativeTarget;
			buildConfigurationList = C3BBA9B82DEFE2D800E55F70 /* Build configuration list for PBXNativeTarget "AircraftQuestion" */;
			buildPhases = (
				C3BBA9912DEFE2D600E55F70 /* Sources */,
				C3BBA9922DEFE2D600E55F70 /* Frameworks */,
				C3BBA9932DEFE2D600E55F70 /* Resources */,
			);
			buildRules = (
			);
			dependencies = (
			);
			fileSystemSynchronizedGroups = (
				C3BBA9972DEFE2D600E55F70 /* AircraftQuestion */,
			);
			name = AircraftQuestion;
			packageProductDependencies = (
			);
			productName = AircraftQuestion;
			productReference = C3BBA9952DEFE2D600E55F70 /* AircraftQuestion.app */;
			productType = "com.apple.product-type.application";
		};
		C3BBA9A32DEFE2D800E55F70 /* AircraftQuestionTests */ = {
			isa = PBXNativeTarget;
			buildConfigurationList = C3BBA9BB2DEFE2D800E55F70 /* Build configuration list for PBXNativeTarget "AircraftQuestionTests" */;
			buildPhases = (
				C3BBA9A02DEFE2D800E55F70 /* Sources */,
				C3BBA9A12DEFE2D800E55F70 /* Frameworks */,
				C3BBA9A22DEFE2D800E55F70 /* Resources */,
			);
			buildRules = (
			);
			dependencies = (
				C3BBA9A62DEFE2D800E55F70 /* PBXTargetDependency */,
			);
			fileSystemSynchronizedGroups = (
				C3BBA9A72DEFE2D800E55F70 /* AircraftQuestionTests */,
			);
			name = AircraftQuestionTests;
			packageProductDependencies = (
			);
			productName = AircraftQuestionTests;
			productReference = C3BBA9A42DEFE2D800E55F70 /* AircraftQuestionTests.xctest */;
			productType = "com.apple.product-type.bundle.unit-test";
		};
		C3BBA9AD2DEFE2D800E55F70 /* AircraftQuestionUITests */ = {
			isa = PBXNativeTarget;
			buildConfigurationList = C3BBA9BE2DEFE2D800E55F70 /* Build configuration list for PBXNativeTarget "AircraftQuestionUITests" */;
			buildPhases = (
				C3BBA9AA2DEFE2D800E55F70 /* Sources */,
				C3BBA9AB2DEFE2D800E55F70 /* Frameworks */,
				C3BBA9AC2DEFE2D800E55F70 /* Resources */,
			);
			buildRules = (
			);
			dependencies = (
				C3BBA9B02DEFE2D800E55F70 /* PBXTargetDependency */,
			);
			fileSystemSynchronizedGroups = (
				C3BBA9B12DEFE2D800E55F70 /* AircraftQuestionUITests */,
			);
			name = AircraftQuestionUITests;
			packageProductDependencies = (
			);
			productName = AircraftQuestionUITests;
			productReference = C3BBA9AE2DEFE2D800E55F70 /* AircraftQuestionUITests.xctest */;
			productType = "com.apple.product-type.bundle.ui-testing";
		};
/* End PBXNativeTarget section */

/* Begin PBXProject section */
		C3BBA98D2DEFE2D600E55F70 /* Project object */ = {
			isa = PBXProject;
			attributes = {
				BuildIndependentTargetsInParallel = 1;
				LastSwiftUpdateCheck = 1630;
				LastUpgradeCheck = 1630;
				TargetAttributes = {
					C3BBA9942DEFE2D600E55F70 = {
						CreatedOnToolsVersion = 16.3;
					};
					C3BBA9A32DEFE2D800E55F70 = {
						CreatedOnToolsVersion = 16.3;
						TestTargetID = C3BBA9942DEFE2D600E55F70;
					};
					C3BBA9AD2DEFE2D800E55F70 = {
						CreatedOnToolsVersion = 16.3;
						TestTargetID = C3BBA9942DEFE2D600E55F70;
					};
				};
			};
			buildConfigurationList = C3BBA9902DEFE2D600E55F70 /* Build configuration list for PBXProject "AircraftQuestion" */;
			developmentRegion = en;
			hasScannedForEncodings = 0;
			knownRegions = (
				en,
				Base,
			);
			mainGroup = C3BBA98C2DEFE2D600E55F70;
			minimizedProjectReferenceProxies = 1;
			preferredProjectObjectVersion = 77;
			productRefGroup = C3BBA9962DEFE2D600E55F70 /* Products */;
			projectDirPath = "";
			projectRoot = "";
			targets = (
				C3BBA9942DEFE2D600E55F70 /* AircraftQuestion */,
				C3BBA9A32DEFE2D800E55F70 /* AircraftQuestionTests */,
				C3BBA9AD2DEFE2D800E55F70 /* AircraftQuestionUITests */,
			);
		};
/* End PBXProject section */

/* Begin PBXResourcesBuildPhase section */
		C3BBA9932DEFE2D600E55F70 /* Resources */ = {
			isa = PBXResourcesBuildPhase;
			buildActionMask = 2147483647;
			files = (
				C3BBA9FF2DEFE3A500E55F70 /* .gitignore in Resources */,
			);
			runOnlyForDeploymentPostprocessing = 0;
		};
		C3BBA9A22DEFE2D800E55F70 /* Resources */ = {
			isa = PBXResourcesBuildPhase;
			buildActionMask = 2147483647;
			files = (
			);
			runOnlyForDeploymentPostprocessing = 0;
		};
		C3BBA9AC2DEFE2D800E55F70 /* Resources */ = {
			isa = PBXResourcesBuildPhase;
			buildActionMask = 2147483647;
			files = (
			);
			runOnlyForDeploymentPostprocessing = 0;
		};
/* End PBXResourcesBuildPhase section */

/* Begin PBXSourcesBuildPhase section */
		C3BBA9912DEFE2D600E55F70 /* Sources */ = {
			isa = PBXSourcesBuildPhase;
			buildActionMask = 2147483647;
			files = (
			);
			runOnlyForDeploymentPostprocessing = 0;
		};
		C3BBA9A02DEFE2D800E55F70 /* Sources */ = {
			isa = PBXSourcesBuildPhase;
			buildActionMask = 2147483647;
			files = (
			);
			runOnlyForDeploymentPostprocessing = 0;
		};
		C3BBA9AA2DEFE2D800E55F70 /* Sources */ = {
			isa = PBXSourcesBuildPhase;
			buildActionMask = 2147483647;
			files = (
			);
			runOnlyForDeploymentPostprocessing = 0;
		};
/* End PBXSourcesBuildPhase section */

/* Begin PBXTargetDependency section */
		C3BBA9A62DEFE2D800E55F70 /* PBXTargetDependency */ = {
			isa = PBXTargetDependency;
			target = C3BBA9942DEFE2D600E55F70 /* AircraftQuestion */;
			targetProxy = C3BBA9A52DEFE2D800E55F70 /* PBXContainerItemProxy */;
		};
		C3BBA9B02DEFE2D800E55F70 /* PBXTargetDependency */ = {
			isa = PBXTargetDependency;
			target = C3BBA9942DEFE2D600E55F70 /* AircraftQuestion */;
			targetProxy = C3BBA9AF2DEFE2D800E55F70 /* PBXContainerItemProxy */;
		};
/* End PBXTargetDependency section */

/* Begin XCBuildConfiguration section */
		C3BBA9B62DEFE2D800E55F70 /* Debug */ = {
			isa = XCBuildConfiguration;
			buildSettings = {
				ALWAYS_SEARCH_USER_PATHS = NO;
				ASSETCATALOG_COMPILER_GENERATE_SWIFT_ASSET_SYMBOL_EXTENSIONS = YES;
				CLANG_ANALYZER_NONNULL = YES;
				CLANG_ANALYZER_NUMBER_OBJECT_CONVERSION = YES_AGGRESSIVE;
				CLANG_CXX_LANGUAGE_STANDARD = "gnu++20";
				CLANG_ENABLE_MODULES = YES;
				CLANG_ENABLE_OBJC_ARC = YES;
				CLANG_ENABLE_OBJC_WEAK = YES;
				CLANG_WARN_BLOCK_CAPTURE_AUTORELEASING = YES;
				CLANG_WARN_BOOL_CONVERSION = YES;
				CLANG_WARN_COMMA = YES;
				CLANG_WARN_CONSTANT_CONVERSION = YES;
				CLANG_WARN_DEPRECATED_OBJC_IMPLEMENTATIONS = YES;
				CLANG_WARN_DIRECT_OBJC_ISA_USAGE = YES_ERROR;
				CLANG_WARN_DOCUMENTATION_COMMENTS = YES;
				CLANG_WARN_EMPTY_BODY = YES;
				CLANG_WARN_ENUM_CONVERSION = YES;
				CLANG_WARN_INFINITE_RECURSION = YES;
				CLANG_WARN_INT_CONVERSION = YES;
				CLANG_WARN_NON_LITERAL_NULL_CONVERSION = YES;
				CLANG_WARN_OBJC_IMPLICIT_RETAIN_SELF = YES;
				CLANG_WARN_OBJC_LITERAL_CONVERSION = YES;
				CLANG_WARN_OBJC_ROOT_CLASS = YES_ERROR;
				CLANG_WARN_QUOTED_INCLUDE_IN_FRAMEWORK_HEADER = YES;
				CLANG_WARN_RANGE_LOOP_ANALYSIS = YES;
				CLANG_WARN_STRICT_PROTOTYPES = YES;
				CLANG_WARN_SUSPICIOUS_MOVE = YES;
				CLANG_WARN_UNGUARDED_AVAILABILITY = YES_AGGRESSIVE;
				CLANG_WARN_UNREACHABLE_CODE = YES;
				CLANG_WARN__DUPLICATE_METHOD_MATCH = YES;
				COPY_PHASE_STRIP = NO;
				DEBUG_INFORMATION_FORMAT = dwarf;
				DEVELOPMENT_TEAM = X474NZHFL7;
				ENABLE_STRICT_OBJC_MSGSEND = YES;
				ENABLE_TESTABILITY = YES;
				ENABLE_USER_SCRIPT_SANDBOXING = YES;
				GCC_C_LANGUAGE_STANDARD = gnu17;
				GCC_DYNAMIC_NO_PIC = NO;
				GCC_NO_COMMON_BLOCKS = YES;
				GCC_OPTIMIZATION_LEVEL = 0;
				GCC_PREPROCESSOR_DEFINITIONS = (
					"DEBUG=1",
					"$(inherited)",
				);
				GCC_WARN_64_TO_32_BIT_CONVERSION = YES;
				GCC_WARN_ABOUT_RETURN_TYPE = YES_ERROR;
				GCC_WARN_UNDECLARED_SELECTOR = YES;
				GCC_WARN_UNINITIALIZED_AUTOS = YES_AGGRESSIVE;
				GCC_WARN_UNUSED_FUNCTION = YES;
				GCC_WARN_UNUSED_VARIABLE = YES;
				IPHONEOS_DEPLOYMENT_TARGET = 18.4;
				LOCALIZATION_PREFERS_STRING_CATALOGS = YES;
				MTL_ENABLE_DEBUG_INFO = INCLUDE_SOURCE;
				MTL_FAST_MATH = YES;
				ONLY_ACTIVE_ARCH = YES;
				SDKROOT = iphoneos;
				SWIFT_ACTIVE_COMPILATION_CONDITIONS = "DEBUG $(inherited)";
				SWIFT_OPTIMIZATION_LEVEL = "-Onone";
			};
			name = Debug;
		};
		C3BBA9B72DEFE2D800E55F70 /* Release */ = {
			isa = XCBuildConfiguration;
			buildSettings = {
				ALWAYS_SEARCH_USER_PATHS = NO;
				ASSETCATALOG_COMPILER_GENERATE_SWIFT_ASSET_SYMBOL_EXTENSIONS = YES;
				CLANG_ANALYZER_NONNULL = YES;
				CLANG_ANALYZER_NUMBER_OBJECT_CONVERSION = YES_AGGRESSIVE;
				CLANG_CXX_LANGUAGE_STANDARD = "gnu++20";
				CLANG_ENABLE_MODULES = YES;
				CLANG_ENABLE_OBJC_ARC = YES;
				CLANG_ENABLE_OBJC_WEAK = YES;
				CLANG_WARN_BLOCK_CAPTURE_AUTORELEASING = YES;
				CLANG_WARN_BOOL_CONVERSION = YES;
				CLANG_WARN_COMMA = YES;
				CLANG_WARN_CONSTANT_CONVERSION = YES;
				CLANG_WARN_DEPRECATED_OBJC_IMPLEMENTATIONS = YES;
				CLANG_WARN_DIRECT_OBJC_ISA_USAGE = YES_ERROR;
				CLANG_WARN_DOCUMENTATION_COMMENTS = YES;
				CLANG_WARN_EMPTY_BODY = YES;
				CLANG_WARN_ENUM_CONVERSION = YES;
				CLANG_WARN_INFINITE_RECURSION = YES;
				CLANG_WARN_INT_CONVERSION = YES;
				CLANG_WARN_NON_LITERAL_NULL_CONVERSION = YES;
				CLANG_WARN_OBJC_IMPLICIT_RETAIN_SELF = YES;
				CLANG_WARN_OBJC_LITERAL_CONVERSION = YES;
				CLANG_WARN_OBJC_ROOT_CLASS = YES_ERROR;
				CLANG_WARN_QUOTED_INCLUDE_IN_FRAMEWORK_HEADER = YES;
				CLANG_WARN_RANGE_LOOP_ANALYSIS = YES;
				CLANG_WARN_STRICT_PROTOTYPES = YES;
				CLANG_WARN_SUSPICIOUS_MOVE = YES;
				CLANG_WARN_UNGUARDED_AVAILABILITY = YES_AGGRESSIVE;
				CLANG_WARN_UNREACHABLE_CODE = YES;
				CLANG_WARN__DUPLICATE_METHOD_MATCH = YES;
				COPY_PHASE_STRIP = NO;
				DEBUG_INFORMATION_FORMAT = "dwarf-with-dsym";
				DEVELOPMENT_TEAM = X474NZHFL7;
				ENABLE_NS_ASSERTIONS = NO;
				ENABLE_STRICT_OBJC_MSGSEND = YES;
				ENABLE_USER_SCRIPT_SANDBOXING = YES;
				GCC_C_LANGUAGE_STANDARD = gnu17;
				GCC_NO_COMMON_BLOCKS = YES;
				GCC_WARN_64_TO_32_BIT_CONVERSION = YES;
				GCC_WARN_ABOUT_RETURN_TYPE = YES_ERROR;
				GCC_WARN_UNDECLARED_SELECTOR = YES;
				GCC_WARN_UNINITIALIZED_AUTOS = YES_AGGRESSIVE;
				GCC_WARN_UNUSED_FUNCTION = YES;
				GCC_WARN_UNUSED_VARIABLE = YES;
				IPHONEOS_DEPLOYMENT_TARGET = 18.4;
				LOCALIZATION_PREFERS_STRING_CATALOGS = YES;
				MTL_ENABLE_DEBUG_INFO = NO;
				MTL_FAST_MATH = YES;
				SDKROOT = iphoneos;
				SWIFT_COMPILATION_MODE = wholemodule;
				VALIDATE_PRODUCT = YES;
			};
			name = Release;
		};
		C3BBA9B92DEFE2D800E55F70 /* Debug */ = {
			isa = XCBuildConfiguration;
			buildSettings = {
				ASSETCATALOG_COMPILER_APPICON_NAME = AppIcon;
				ASSETCATALOG_COMPILER_GLOBAL_ACCENT_COLOR_NAME = AccentColor;
				CODE_SIGN_STYLE = Automatic;
				CURRENT_PROJECT_VERSION = 1;
				DEVELOPMENT_TEAM = X474NZHFL7;
				ENABLE_PREVIEWS = YES;
				GENERATE_INFOPLIST_FILE = YES;
				INFOPLIST_KEY_UIApplicationSceneManifest_Generation = YES;
				INFOPLIST_KEY_UIApplicationSupportsIndirectInputEvents = YES;
				INFOPLIST_KEY_UILaunchScreen_Generation = YES;
				INFOPLIST_KEY_UISupportedInterfaceOrientations_iPad = "UIInterfaceOrientationPortrait UIInterfaceOrientationPortraitUpsideDown UIInterfaceOrientationLandscapeLeft UIInterfaceOrientationLandscapeRight";
				INFOPLIST_KEY_UISupportedInterfaceOrientations_iPhone = "UIInterfaceOrientationPortrait UIInterfaceOrientationLandscapeLeft UIInterfaceOrientationLandscapeRight";
				LD_RUNPATH_SEARCH_PATHS = (
					"$(inherited)",
					"@executable_path/Frameworks",
				);
				MARKETING_VERSION = 1.0;
				PRODUCT_BUNDLE_IDENTIFIER = "com.dsin.-AircraftQuestion.AircraftQuestion";
				PRODUCT_NAME = "$(TARGET_NAME)";
				SWIFT_EMIT_LOC_STRINGS = YES;
				SWIFT_VERSION = 5.0;
				TARGETED_DEVICE_FAMILY = "1,2";
			};
			name = Debug;
		};
		C3BBA9BA2DEFE2D800E55F70 /* Release */ = {
			isa = XCBuildConfiguration;
			buildSettings = {
				ASSETCATALOG_COMPILER_APPICON_NAME = AppIcon;
				ASSETCATALOG_COMPILER_GLOBAL_ACCENT_COLOR_NAME = AccentColor;
				CODE_SIGN_STYLE = Automatic;
				CURRENT_PROJECT_VERSION = 1;
				DEVELOPMENT_TEAM = X474NZHFL7;
				ENABLE_PREVIEWS = YES;
				GENERATE_INFOPLIST_FILE = YES;
				INFOPLIST_KEY_UIApplicationSceneManifest_Generation = YES;
				INFOPLIST_KEY_UIApplicationSupportsIndirectInputEvents = YES;
				INFOPLIST_KEY_UILaunchScreen_Generation = YES;
				INFOPLIST_KEY_UISupportedInterfaceOrientations_iPad = "UIInterfaceOrientationPortrait UIInterfaceOrientationPortraitUpsideDown UIInterfaceOrientationLandscapeLeft UIInterfaceOrientationLandscapeRight";
				INFOPLIST_KEY_UISupportedInterfaceOrientations_iPhone = "UIInterfaceOrientationPortrait UIInterfaceOrientationLandscapeLeft UIInterfaceOrientationLandscapeRight";
				LD_RUNPATH_SEARCH_PATHS = (
					"$(inherited)",
					"@executable_path/Frameworks",
				);
				MARKETING_VERSION = 1.0;
				PRODUCT_BUNDLE_IDENTIFIER = "com.dsin.-AircraftQuestion.AircraftQuestion";
				PRODUCT_NAME = "$(TARGET_NAME)";
				SWIFT_EMIT_LOC_STRINGS = YES;
				SWIFT_VERSION = 5.0;
				TARGETED_DEVICE_FAMILY = "1,2";
			};
			name = Release;
		};
		C3BBA9BC2DEFE2D800E55F70 /* Debug */ = {
			isa = XCBuildConfiguration;
			buildSettings = {
				BUNDLE_LOADER = "$(TEST_HOST)";
				CODE_SIGN_STYLE = Automatic;
				CURRENT_PROJECT_VERSION = 1;
				DEVELOPMENT_TEAM = X474NZHFL7;
				GENERATE_INFOPLIST_FILE = YES;
				IPHONEOS_DEPLOYMENT_TARGET = 18.4;
				MARKETING_VERSION = 1.0;
				PRODUCT_BUNDLE_IDENTIFIER = "com.dsin.-AircraftQuestion.AircraftQuestionTests";
				PRODUCT_NAME = "$(TARGET_NAME)";
				SWIFT_EMIT_LOC_STRINGS = NO;
				SWIFT_VERSION = 5.0;
				TARGETED_DEVICE_FAMILY = "1,2";
				TEST_HOST = "$(BUILT_PRODUCTS_DIR)/AircraftQuestion.app/$(BUNDLE_EXECUTABLE_FOLDER_PATH)/AircraftQuestion";
			};
			name = Debug;
		};
		C3BBA9BD2DEFE2D800E55F70 /* Release */ = {
			isa = XCBuildConfiguration;
			buildSettings = {
				BUNDLE_LOADER = "$(TEST_HOST)";
				CODE_SIGN_STYLE = Automatic;
				CURRENT_PROJECT_VERSION = 1;
				DEVELOPMENT_TEAM = X474NZHFL7;
				GENERATE_INFOPLIST_FILE = YES;
				IPHONEOS_DEPLOYMENT_TARGET = 18.4;
				MARKETING_VERSION = 1.0;
				PRODUCT_BUNDLE_IDENTIFIER = "com.dsin.-AircraftQuestion.AircraftQuestionTests";
				PRODUCT_NAME = "$(TARGET_NAME)";
				SWIFT_EMIT_LOC_STRINGS = NO;
				SWIFT_VERSION = 5.0;
				TARGETED_DEVICE_FAMILY = "1,2";
				TEST_HOST = "$(BUILT_PRODUCTS_DIR)/AircraftQuestion.app/$(BUNDLE_EXECUTABLE_FOLDER_PATH)/AircraftQuestion";
			};
			name = Release;
		};
		C3BBA9BF2DEFE2D800E55F70 /* Debug */ = {
			isa = XCBuildConfiguration;
			buildSettings = {
				CODE_SIGN_STYLE = Automatic;
				CURRENT_PROJECT_VERSION = 1;
				DEVELOPMENT_TEAM = X474NZHFL7;
				GENERATE_INFOPLIST_FILE = YES;
				MARKETING_VERSION = 1.0;
				PRODUCT_BUNDLE_IDENTIFIER = "com.dsin.-AircraftQuestion.AircraftQuestionUITests";
				PRODUCT_NAME = "$(TARGET_NAME)";
				SWIFT_EMIT_LOC_STRINGS = NO;
				SWIFT_VERSION = 5.0;
				TARGETED_DEVICE_FAMILY = "1,2";
				TEST_TARGET_NAME = AircraftQuestion;
			};
			name = Debug;
		};
		C3BBA9C02DEFE2D800E55F70 /* Release */ = {
			isa = XCBuildConfiguration;
			buildSettings = {
				CODE_SIGN_STYLE = Automatic;
				CURRENT_PROJECT_VERSION = 1;
				DEVELOPMENT_TEAM = X474NZHFL7;
				GENERATE_INFOPLIST_FILE = YES;
				MARKETING_VERSION = 1.0;
				PRODUCT_BUNDLE_IDENTIFIER = "com.dsin.-AircraftQuestion.AircraftQuestionUITests";
				PRODUCT_NAME = "$(TARGET_NAME)";
				SWIFT_EMIT_LOC_STRINGS = NO;
				SWIFT_VERSION = 5.0;
				TARGETED_DEVICE_FAMILY = "1,2";
				TEST_TARGET_NAME = AircraftQuestion;
			};
			name = Release;
		};
/* End XCBuildConfiguration section */

/* Begin XCConfigurationList section */
		C3BBA9902DEFE2D600E55F70 /* Build configuration list for PBXProject "AircraftQuestion" */ = {
			isa = XCConfigurationList;
			buildConfigurations = (
				C3BBA9B62DEFE2D800E55F70 /* Debug */,
				C3BBA9B72DEFE2D800E55F70 /* Release */,
			);
			defaultConfigurationIsVisible = 0;
			defaultConfigurationName = Release;
		};
		C3BBA9B82DEFE2D800E55F70 /* Build configuration list for PBXNativeTarget "AircraftQuestion" */ = {
			isa = XCConfigurationList;
			buildConfigurations = (
				C3BBA9B92DEFE2D800E55F70 /* Debug */,
				C3BBA9BA2DEFE2D800E55F70 /* Release */,
			);
			defaultConfigurationIsVisible = 0;
			defaultConfigurationName = Release;
		};
		C3BBA9BB2DEFE2D800E55F70 /* Build configuration list for PBXNativeTarget "AircraftQuestionTests" */ = {
			isa = XCConfigurationList;
			buildConfigurations = (
				C3BBA9BC2DEFE2D800E55F70 /* Debug */,
				C3BBA9BD2DEFE2D800E55F70 /* Release */,
			);
			defaultConfigurationIsVisible = 0;
			defaultConfigurationName = Release;
		};
		C3BBA9BE2DEFE2D800E55F70 /* Build configuration list for PBXNativeTarget "AircraftQuestionUITests" */ = {
			isa = XCConfigurationList;
			buildConfigurations = (
				C3BBA9BF2DEFE2D800E55F70 /* Debug */,
				C3BBA9C02DEFE2D800E55F70 /* Release */,
			);
			defaultConfigurationIsVisible = 0;
			defaultConfigurationName = Release;
		};
/* End XCConfigurationList section */
	};
	rootObject = C3BBA98D2DEFE2D600E55F70 /* Project object */;
}
